
Microsoft Visual Studio Solution File, Format Version 12.00
# Visual Studio Version 16
VisualStudioVersion = 16.0.31424.327
MinimumVisualStudioVersion = 10.0.40219.1
Project("{FAE04EC0-301F-11D3-BF4B-00C04F79EFBC}") = "ATFramework", "ATFramework\ATFramework.csproj", "{C75AB6AB-4E65-4058-8311-318B5E8FB6F9}"
EndProject
Project("{FAE04EC0-301F-11D3-BF4B-00C04F79EFBC}") = "booking.com", "booking.com\booking.com.csproj", "{C2EC56DE-C770-484F-9FDB-E14B39913FFF}"
EndProject
Global
	GlobalSection(SolutionConfigurationPlatforms) = preSolution
		Debug|Any CPU = Debug|Any CPU
		Release|Any CPU = Release|Any CPU
	EndGlobalSection
	GlobalSection(ProjectConfigurationPlatforms) = postSolution
		{C75AB6AB-4E65-4058-8311-318B5E8FB6F9}.Debug|Any CPU.ActiveCfg = Debug|Any CPU
		{C75AB6AB-4E65-4058-8311-318B5E8FB6F9}.Debug|Any CPU.Build.0 = Debug|Any CPU
		{C75AB6AB-4E65-4058-8311-318B5E8FB6F9}.Release|Any CPU.ActiveCfg = Release|Any CPU
		{C75AB6AB-4E65-4058-8311-318B5E8FB6F9}.Release|Any CPU.Build.0 = Release|Any CPU
		{C2EC56DE-C770-484F-9FDB-E14B39913FFF}.Debug|Any CPU.ActiveCfg = Debug|Any CPU
		{C2EC56DE-C770-484F-9FDB-E14B39913FFF}.Debug|Any CPU.Build.0 = Debug|Any CPU
		{C2EC56DE-C770-484F-9FDB-E14B39913FFF}.Release|Any CPU.ActiveCfg = Release|Any CPU
		{C2EC56DE-C770-484F-9FDB-E14B39913FFF}.Release|Any CPU.Build.0 = Release|Any CPU
	EndGlobalSection
	GlobalSection(SolutionProperties) = preSolution
		HideSolutionNode = FALSE
	EndGlobalSection
	GlobalSection(ExtensibilityGlobals) = postSolution
		SolutionGuid = {A8671E5D-D35A-4236-9CA4-B833CF3EEE22}
	EndGlobalSection
EndGlobal
